
Microsoft Visual Studio Solution File, Format Version 12.00
# Visual Studio Version 17
VisualStudioVersion = 17.1.31911.260
MinimumVisualStudioVersion = 10.0.40219.1
Project("{FAE04EC0-301F-11D3-BF4B-00C04F79EFBC}") = "TecTip_SWVariable", "TecTip_SWVariable\TecTip_SWVariable.csproj", "{38F62A8D-F302-4F7E-B850-E9AC18192214}"
EndProject
Global
	GlobalSection(SolutionConfigurationPlatforms) = preSolution
		Debug|Any CPU = Debug|Any CPU
		Release|Any CPU = Release|Any CPU
	EndGlobalSection
	GlobalSection(ProjectConfigurationPlatforms) = postSolution
		{38F62A8D-F302-4F7E-B850-E9AC18192214}.Debug|Any CPU.ActiveCfg = Debug|Any CPU
		{38F62A8D-F302-4F7E-B850-E9AC18192214}.Debug|Any CPU.Build.0 = Debug|Any CPU
		{38F62A8D-F302-4F7E-B850-E9AC18192214}.Release|Any CPU.ActiveCfg = Release|Any CPU
		{38F62A8D-F302-4F7E-B850-E9AC18192214}.Release|Any CPU.Build.0 = Release|Any CPU
	EndGlobalSection
	GlobalSection(SolutionProperties) = preSolution
		HideSolutionNode = FALSE
	EndGlobalSection
	GlobalSection(ExtensibilityGlobals) = postSolution
		SolutionGuid = {0EAB816C-1CAA-4BA4-8B41-5BC09048A89B}
        GlobalSection(ExtensibilityGlobals) = postSolution
		SolutionGuid = {0EAB816C-1CAA-4BA4-8B41-111111111111}
	EndGlobalSection
EndGlobal
